PODS:
  - ZXModule1 (0.1.0):
    - ZXModule2
  - ZXModule2 (0.1.0)
  - ZXProjectDemo (0.1.0)

DEPENDENCIES:
  - ZXModule1 (from `../Modules/ZXModule1`)
  - ZXModule2 (from `../Modules/ZXModule2`)
  - ZXProjectDemo (from `../`)

EXTERNAL SOURCES:
  ZXModule1:
    :path: "../Modules/ZXModule1"
  ZXModule2:
    :path: "../Modules/ZXModule2"
  ZXProjectDemo:
    :path: "../"

SPEC CHECKSUMS:
  ZXModule1: 1e7fbe8b6f271d6b89f1573f8f4f8c0a7b7e0af0
  ZXModule2: a6519739f8fa5d66d5f351ed181fd085adba8e43
  ZXProjectDemo: 48f3b1e84b0eb201cf8922f77ef2970991001b91

PODFILE CHECKSUM: c41451f8de2d2e3bcc056d6638c78471c61d970e

COCOAPODS: 1.9.1
